hash: 4699f901b0e91a90aedaef4f85c00772bf5bd573620b809ec2a80d718e257295
updated: 2016-12-29T10:09:11.398908243-06:00
imports:
- name: github.com/enaml-ops/enaml
  version: daa906ffdfea29e28f26a5965100f645736de450
- name: github.com/enaml-ops/pluginlib
  version: 399f71c718525e0b9481a633bbfde9c888638961
  subpackages:
  - cred
  - pcli
  - pluginutil
  - productv1
- name: github.com/hashicorp/go-plugin
  version: 8cf118f7a2f0c7ef1c82f66d4f6ac77c7e27dc12
- name: github.com/hashicorp/yamux
  version: d1caa6c97c9fc1cc9e83bbe34d0603f9ff0ce8bd
- name: github.com/onsi/ginkgo
  version: e185767ab450dd717718019ebe6115112af5c575
- name: github.com/onsi/gomega
  version: f1f0f388b31eca4e2cbe7a6dd8a3a1dfddda5b1c
- name: github.com/op/go-logging
  version: 970db520ece77730c7e4724c61121037378659d9
- name: github.com/square/certstrap
  version: b6aef507a0840bf78bac99e7ffa6e6eb5c2c3c9f
  subpackages:
  - pkix
- name: github.com/xchapter7x/lo
  version: e33b245fc7a8186582208abc2458c2691bff681c
- name: gopkg.in/urfave/cli.v2
  version: c72728f42438425ffcd487986936357e17ebba3f
- name: gopkg.in/yaml.v2
  version: a5b47d31c556af34a302ce5d659e6fea44d90de0
devImports: []
